
Microsoft Visual Studio Solution File, Format Version 12.00
# Visual Studio Version 16
VisualStudioVersion = 16.0.31019.35
MinimumVisualStudioVersion = 10.0.40219.1
Project("{FAE04EC0-301F-11D3-BF4B-00C04F79EFBC}") = "Sol_Demo", "Sol_Demo\Sol_Demo.csproj", "{F1326CA7-2A60-42F3-939F-72CBB09F5B13}"
EndProject
Global
	GlobalSection(SolutionConfigurationPlatforms) = preSolution
		Debug|Any CPU = Debug|Any CPU
		Release|Any CPU = Release|Any CPU
	EndGlobalSection
	GlobalSection(ProjectConfigurationPlatforms) = postSolution
		{F1326CA7-2A60-42F3-939F-72CBB09F5B13}.Debug|Any CPU.ActiveCfg = Debug|Any CPU
		{F1326CA7-2A60-42F3-939F-72CBB09F5B13}.Debug|Any CPU.Build.0 = Debug|Any CPU
		{F1326CA7-2A60-42F3-939F-72CBB09F5B13}.Release|Any CPU.ActiveCfg = Release|Any CPU
		{F1326CA7-2A60-42F3-939F-72CBB09F5B13}.Release|Any CPU.Build.0 = Release|Any CPU
	EndGlobalSection
	GlobalSection(SolutionProperties) = preSolution
		HideSolutionNode = FALSE
	EndGlobalSection
	GlobalSection(ExtensibilityGlobals) = postSolution
		SolutionGuid = {2F69D030-D639-4220-B3F0-D64198696DDF}
	EndGlobalSection
EndGlobal
